
Microsoft Visual Studio Solution File, Format Version 12.00
# Visual Studio 2013
VisualStudioVersion = 12.0.31101.0
MinimumVisualStudioVersion = 10.0.40219.1
Project("{FAE04EC0-301F-11D3-BF4B-00C04F79EFBC}") = "Dispatch", "Dispatch\Dispatch.csproj", "{162EB26B-DE10-4400-B790-B5058BB87830}"
EndProject
Project("{FAE04EC0-301F-11D3-BF4B-00C04F79EFBC}") = "Dispatch.Lib", "Dispatch.Lib\Dispatch.Lib.csproj", "{BF55EFBC-7BBB-4041-931B-E360402E577E}"
EndProject
Project("{FAE04EC0-301F-11D3-BF4B-00C04F79EFBC}") = "SqlClr.Dispatchable", "SqlClr.Dispatchable\SqlClr.Dispatchable.csproj", "{A97BF908-B293-4768-8918-3F8BBE570B89}"
EndProject
Global
	GlobalSection(SolutionConfigurationPlatforms) = preSolution
		Debug|Any CPU = Debug|Any CPU
		Release|Any CPU = Release|Any CPU
	EndGlobalSection
	GlobalSection(ProjectConfigurationPlatforms) = postSolution
		{162EB26B-DE10-4400-B790-B5058BB87830}.Debug|Any CPU.ActiveCfg = Debug|Any CPU
		{162EB26B-DE10-4400-B790-B5058BB87830}.Debug|Any CPU.Build.0 = Debug|Any CPU
		{162EB26B-DE10-4400-B790-B5058BB87830}.Release|Any CPU.ActiveCfg = Release|Any CPU
		{162EB26B-DE10-4400-B790-B5058BB87830}.Release|Any CPU.Build.0 = Release|Any CPU
		{BF55EFBC-7BBB-4041-931B-E360402E577E}.Debug|Any CPU.ActiveCfg = Debug|Any CPU
		{BF55EFBC-7BBB-4041-931B-E360402E577E}.Debug|Any CPU.Build.0 = Debug|Any CPU
		{BF55EFBC-7BBB-4041-931B-E360402E577E}.Release|Any CPU.ActiveCfg = Release|Any CPU
		{BF55EFBC-7BBB-4041-931B-E360402E577E}.Release|Any CPU.Build.0 = Release|Any CPU
		{A97BF908-B293-4768-8918-3F8BBE570B89}.Debug|Any CPU.ActiveCfg = Debug|Any CPU
		{A97BF908-B293-4768-8918-3F8BBE570B89}.Debug|Any CPU.Build.0 = Debug|Any CPU
		{A97BF908-B293-4768-8918-3F8BBE570B89}.Release|Any CPU.ActiveCfg = Release|Any CPU
		{A97BF908-B293-4768-8918-3F8BBE570B89}.Release|Any CPU.Build.0 = Release|Any CPU
	EndGlobalSection
	GlobalSection(SolutionProperties) = preSolution
		HideSolutionNode = FALSE
	EndGlobalSection
EndGlobal
